
Microsoft Visual Studio Solution File, Format Version 12.00
# Visual Studio Version 16
VisualStudioVersion = 16.0.32413.511
MinimumVisualStudioVersion = 10.0.40219.1
Project("{FAE04EC0-301F-11D3-BF4B-00C04F79EFBC}") = "Tree", "Tree\Tree.csproj", "{05722682-4BCC-4768-9AAE-F9AE560FF839}"
EndProject
Global
	GlobalSection(SolutionConfigurationPlatforms) = preSolution
		Debug|Any CPU = Debug|Any CPU
		Release|Any CPU = Release|Any CPU
	EndGlobalSection
	GlobalSection(ProjectConfigurationPlatforms) = postSolution
		{05722682-4BCC-4768-9AAE-F9AE560FF839}.Debug|Any CPU.ActiveCfg = Debug|Any CPU
		{05722682-4BCC-4768-9AAE-F9AE560FF839}.Debug|Any CPU.Build.0 = Debug|Any CPU
		{05722682-4BCC-4768-9AAE-F9AE560FF839}.Release|Any CPU.ActiveCfg = Release|Any CPU
		{05722682-4BCC-4768-9AAE-F9AE560FF839}.Release|Any CPU.Build.0 = Release|Any CPU
	EndGlobalSection
	GlobalSection(SolutionProperties) = preSolution
		HideSolutionNode = FALSE
	EndGlobalSection
	GlobalSection(ExtensibilityGlobals) = postSolution
		SolutionGuid = {08DBFE4E-0C41-43C8-B775-F87407A5E401}
	EndGlobalSection
EndGlobal
